
Microsoft Visual Studio Solution File, Format Version 12.00
# Visual Studio Version 17
VisualStudioVersion = 17.3.32901.215
MinimumVisualStudioVersion = 10.0.40219.1
Project("{FAE04EC0-301F-11D3-BF4B-00C04F79EFBC}") = "ProductComparable", "ProductComparable\ProductComparable.csproj", "{1B0E1736-9A7B-4AD3-851D-BB6D43E1C3ED}"
EndProject
Global
	GlobalSection(SolutionConfigurationPlatforms) = preSolution
		Debug|Any CPU = Debug|Any CPU
		Release|Any CPU = Release|Any CPU
	EndGlobalSection
	GlobalSection(ProjectConfigurationPlatforms) = postSolution
		{1B0E1736-9A7B-4AD3-851D-BB6D43E1C3ED}.Debug|Any CPU.ActiveCfg = Debug|Any CPU
		{1B0E1736-9A7B-4AD3-851D-BB6D43E1C3ED}.Debug|Any CPU.Build.0 = Debug|Any CPU
		{1B0E1736-9A7B-4AD3-851D-BB6D43E1C3ED}.Release|Any CPU.ActiveCfg = Release|Any CPU
		{1B0E1736-9A7B-4AD3-851D-BB6D43E1C3ED}.Release|Any CPU.Build.0 = Release|Any CPU
	EndGlobalSection
	GlobalSection(SolutionProperties) = preSolution
		HideSolutionNode = FALSE
	EndGlobalSection
	GlobalSection(ExtensibilityGlobals) = postSolution
		SolutionGuid = {70F35FEC-1175-4C15-B720-05BBBBBEBD50}
	EndGlobalSection
EndGlobal
